
Microsoft Visual Studio Solution File, Format Version 12.00
# Visual Studio Version 17
VisualStudioVersion = 17.5.33530.505
MinimumVisualStudioVersion = 10.0.40219.1
Project("{2150E333-8FDC-42A3-9474-1A3956D46DE8}") = "src", "src", "{16B82BCB-4694-4DF9-A482-A07ACD632524}"
EndProject
Project("{2150E333-8FDC-42A3-9474-1A3956D46DE8}") = "core", "core", "{D4B01624-D864-4B36-A680-C394B194373D}"
EndProject
Project("{2150E333-8FDC-42A3-9474-1A3956D46DE8}") = "infraestructura", "infraestructura", "{7D03CDAD-5A8A-45D0-A3B6-3420E34433C5}"
EndProject
Project("{2150E333-8FDC-42A3-9474-1A3956D46DE8}") = "presentacion", "presentacion", "{E00BFD8B-E3AC-4B06-A16F-D098CBE215A0}"
EndProject
Project("{FAE04EC0-301F-11D3-BF4B-00C04F79EFBC}") = "Aplicacion", "Aplicacion\Aplicacion.csproj", "{E32D6775-5053-4EA6-9F45-5828ADACA8AE}"
EndProject
Project("{FAE04EC0-301F-11D3-BF4B-00C04F79EFBC}") = "Dominio", "Dominio\Dominio.csproj", "{FF41EA03-0E3B-4159-99F1-2B34A3A26CBA}"
EndProject
Project("{FAE04EC0-301F-11D3-BF4B-00C04F79EFBC}") = "Compartir", "Compartir\Compartir.csproj", "{AEA2A908-81A3-48ED-BB0F-3347AAEC2763}"
EndProject
Project("{FAE04EC0-301F-11D3-BF4B-00C04F79EFBC}") = "Persistencia", "Persistencia\Persistencia.csproj", "{C0A6F75C-AA4C-4F13-993F-65F0BD3111CE}"
EndProject
Project("{FAE04EC0-301F-11D3-BF4B-00C04F79EFBC}") = "ApiWeb", "ApiWeb\ApiWeb.csproj", "{18D84BF4-78EA-4D45-9AF3-D1C849AB7B27}"
EndProject
Global
	GlobalSection(SolutionConfigurationPlatforms) = preSolution
		Debug|Any CPU = Debug|Any CPU
		Release|Any CPU = Release|Any CPU
	EndGlobalSection
	GlobalSection(ProjectConfigurationPlatforms) = postSolution
		{E32D6775-5053-4EA6-9F45-5828ADACA8AE}.Debug|Any CPU.ActiveCfg = Debug|Any CPU
		{E32D6775-5053-4EA6-9F45-5828ADACA8AE}.Debug|Any CPU.Build.0 = Debug|Any CPU
		{E32D6775-5053-4EA6-9F45-5828ADACA8AE}.Release|Any CPU.ActiveCfg = Release|Any CPU
		{E32D6775-5053-4EA6-9F45-5828ADACA8AE}.Release|Any CPU.Build.0 = Release|Any CPU
		{FF41EA03-0E3B-4159-99F1-2B34A3A26CBA}.Debug|Any CPU.ActiveCfg = Debug|Any CPU
		{FF41EA03-0E3B-4159-99F1-2B34A3A26CBA}.Debug|Any CPU.Build.0 = Debug|Any CPU
		{FF41EA03-0E3B-4159-99F1-2B34A3A26CBA}.Release|Any CPU.ActiveCfg = Release|Any CPU
		{FF41EA03-0E3B-4159-99F1-2B34A3A26CBA}.Release|Any CPU.Build.0 = Release|Any CPU
		{AEA2A908-81A3-48ED-BB0F-3347AAEC2763}.Debug|Any CPU.ActiveCfg = Debug|Any CPU
		{AEA2A908-81A3-48ED-BB0F-3347AAEC2763}.Debug|Any CPU.Build.0 = Debug|Any CPU
		{AEA2A908-81A3-48ED-BB0F-3347AAEC2763}.Release|Any CPU.ActiveCfg = Release|Any CPU
		{AEA2A908-81A3-48ED-BB0F-3347AAEC2763}.Release|Any CPU.Build.0 = Release|Any CPU
		{C0A6F75C-AA4C-4F13-993F-65F0BD3111CE}.Debug|Any CPU.ActiveCfg = Debug|Any CPU
		{C0A6F75C-AA4C-4F13-993F-65F0BD3111CE}.Debug|Any CPU.Build.0 = Debug|Any CPU
		{C0A6F75C-AA4C-4F13-993F-65F0BD3111CE}.Release|Any CPU.ActiveCfg = Release|Any CPU
		{C0A6F75C-AA4C-4F13-993F-65F0BD3111CE}.Release|Any CPU.Build.0 = Release|Any CPU
		{18D84BF4-78EA-4D45-9AF3-D1C849AB7B27}.Debug|Any CPU.ActiveCfg = Debug|Any CPU
		{18D84BF4-78EA-4D45-9AF3-D1C849AB7B27}.Debug|Any CPU.Build.0 = Debug|Any CPU
		{18D84BF4-78EA-4D45-9AF3-D1C849AB7B27}.Release|Any CPU.ActiveCfg = Release|Any CPU
		{18D84BF4-78EA-4D45-9AF3-D1C849AB7B27}.Release|Any CPU.Build.0 = Release|Any CPU
	EndGlobalSection
	GlobalSection(SolutionProperties) = preSolution
		HideSolutionNode = FALSE
	EndGlobalSection
	GlobalSection(NestedProjects) = preSolution
		{D4B01624-D864-4B36-A680-C394B194373D} = {16B82BCB-4694-4DF9-A482-A07ACD632524}
		{7D03CDAD-5A8A-45D0-A3B6-3420E34433C5} = {16B82BCB-4694-4DF9-A482-A07ACD632524}
		{E00BFD8B-E3AC-4B06-A16F-D098CBE215A0} = {16B82BCB-4694-4DF9-A482-A07ACD632524}
		{E32D6775-5053-4EA6-9F45-5828ADACA8AE} = {D4B01624-D864-4B36-A680-C394B194373D}
		{FF41EA03-0E3B-4159-99F1-2B34A3A26CBA} = {D4B01624-D864-4B36-A680-C394B194373D}
		{AEA2A908-81A3-48ED-BB0F-3347AAEC2763} = {7D03CDAD-5A8A-45D0-A3B6-3420E34433C5}
		{C0A6F75C-AA4C-4F13-993F-65F0BD3111CE} = {7D03CDAD-5A8A-45D0-A3B6-3420E34433C5}
		{18D84BF4-78EA-4D45-9AF3-D1C849AB7B27} = {E00BFD8B-E3AC-4B06-A16F-D098CBE215A0}
	EndGlobalSection
	GlobalSection(ExtensibilityGlobals) = postSolution
		SolutionGuid = {9519EEC6-44B6-45B6-BD5C-1B14B7AE040E}
	EndGlobalSection
EndGlobal
